
Microsoft Visual Studio Solution File, Format Version 12.00
# Visual Studio Version 17
VisualStudioVersion = 17.3.32811.315
MinimumVisualStudioVersion = 10.0.40219.1
Project("{FAE04EC0-301F-11D3-BF4B-00C04F79EFBC}") = "PPI_v3", "PPI_v3.csproj", "{327F41DB-D077-4E9B-8CE5-C9689AAFA4FA}"
EndProject
Global
	GlobalSection(SolutionConfigurationPlatforms) = preSolution
		Debug|Any CPU = Debug|Any CPU
		Release|Any CPU = Release|Any CPU
	EndGlobalSection
	GlobalSection(ProjectConfigurationPlatforms) = postSolution
		{327F41DB-D077-4E9B-8CE5-C9689AAFA4FA}.Debug|Any CPU.ActiveCfg = Debug|Any CPU
		{327F41DB-D077-4E9B-8CE5-C9689AAFA4FA}.Debug|Any CPU.Build.0 = Debug|Any CPU
		{327F41DB-D077-4E9B-8CE5-C9689AAFA4FA}.Release|Any CPU.ActiveCfg = Release|Any CPU
		{327F41DB-D077-4E9B-8CE5-C9689AAFA4FA}.Release|Any CPU.Build.0 = Release|Any CPU
	EndGlobalSection
	GlobalSection(SolutionProperties) = preSolution
		HideSolutionNode = FALSE
	EndGlobalSection
	GlobalSection(ExtensibilityGlobals) = postSolution
		SolutionGuid = {0ECFFCBE-A998-4CC8-86CE-1B40445C4057}
	EndGlobalSection
EndGlobal
